
Microsoft Visual Studio Solution File, Format Version 12.00
# Visual Studio Version 16
VisualStudioVersion = 16.0.810.6
MinimumVisualStudioVersion = 10.0.40219.1
Project("{FAE04EC0-301F-11D3-BF4B-00C04F79EFBC}") = "EducationalProject", "EducationalProject\EducationalProject.csproj", "{59E0266D-2E8B-4DF4-9991-44DE5BD561D5}"
EndProject
Global
	GlobalSection(SolutionConfigurationPlatforms) = preSolution
		Debug|Any CPU = Debug|Any CPU
		Release|Any CPU = Release|Any CPU
	EndGlobalSection
	GlobalSection(ProjectConfigurationPlatforms) = postSolution
		{59E0266D-2E8B-4DF4-9991-44DE5BD561D5}.Debug|Any CPU.ActiveCfg = Debug|Any CPU
		{59E0266D-2E8B-4DF4-9991-44DE5BD561D5}.Debug|Any CPU.Build.0 = Debug|Any CPU
		{59E0266D-2E8B-4DF4-9991-44DE5BD561D5}.Release|Any CPU.ActiveCfg = Release|Any CPU
		{59E0266D-2E8B-4DF4-9991-44DE5BD561D5}.Release|Any CPU.Build.0 = Release|Any CPU
	EndGlobalSection
	GlobalSection(SolutionProperties) = preSolution
		HideSolutionNode = FALSE
	EndGlobalSection
	GlobalSection(ExtensibilityGlobals) = postSolution
		SolutionGuid = {FE334E34-6A85-4859-AA8E-629B0196DF9B}
	EndGlobalSection
EndGlobal
